PODS:
  - SDWebImage/Core (5.11.1)
  - SDWebImageSVGCoder (1.6.0):
    - SDWebImage/Core (~> 5.6)

DEPENDENCIES:
  - SDWebImageSVGCoder

SPEC REPOS:
  trunk:
    - SDWebImage
    - SDWebImageSVGCoder

SPEC CHECKSUMS:
  SDWebImage: a7f831e1a65eb5e285e3fb046a23fcfbf08e696d
  SDWebImageSVGCoder: 020cc0f1ab0ef8ca63a9365c03421d67aa3d4a46

PODFILE CHECKSUM: e897ace2881f0c6ac22caae58c97066fa6b4500d

COCOAPODS: 1.10.1
