// !$*UTF8*$!
{
	archiveVersion = 1;
	classes = {
	};
	objectVersion = 51;
	objects = {

/* Begin PBXBuildFile section */
		6068117626A3EBA800FC9EF0 /* AppDelegate.swift in Sources */ = {isa = PBXBuildFile; fileRef = 6068117526A3EBA800FC9EF0 /* AppDelegate.swift */; };
		6068117826A3EBA800FC9EF0 /* SceneDelegate.swift in Sources */ = {isa = PBXBuildFile; fileRef = 6068117726A3EBA800FC9EF0 /* SceneDelegate.swift */; };
		6068117A26A3EBA800FC9EF0 /* CountriesTableViewController.swift in Sources */ = {isa = PBXBuildFile; fileRef = 6068117926A3EBA800FC9EF0 /* CountriesTableViewController.swift */; };
		6068117D26A3EBA800FC9EF0 /* Main.storyboard in Resources */ = {isa = PBXBuildFile; fileRef = 6068117B26A3EBA800FC9EF0 /* Main.storyboard */; };
		6068117F26A3EBAA00FC9EF0 /* Assets.xcassets in Resources */ = {isa = PBXBuildFile; fileRef = 6068117E26A3EBAA00FC9EF0 /* Assets.xcassets */; };
		6068118226A3EBAA00FC9EF0 /* LaunchScreen.storyboard in Resources */ = {isa = PBXBuildFile; fileRef = 6068118026A3EBAA00FC9EF0 /* LaunchScreen.storyboard */; };
		6068118D26A3EBAB00FC9EF0 /* CountriesAppTests.swift in Sources */ = {isa = PBXBuildFile; fileRef = 6068118C26A3EBAB00FC9EF0 /* CountriesAppTests.swift */; };
		6068119826A3EBAB00FC9EF0 /* CountriesAppUITests.swift in Sources */ = {isa = PBXBuildFile; fileRef = 6068119726A3EBAB00FC9EF0 /* CountriesAppUITests.swift */; };
		606811B426A3F07200FC9EF0 /* Country.swift in Sources */ = {isa = PBXBuildFile; fileRef = 606811B326A3F07200FC9EF0 /* Country.swift */; };
		606811B926A3F0E900FC9EF0 /* CountryViewModel.swift in Sources */ = {isa = PBXBuildFile; fileRef = 606811B826A3F0E900FC9EF0 /* CountryViewModel.swift */; };
		606811D426A3F33300FC9EF0 /* CountryTableViewCell.swift in Sources */ = {isa = PBXBuildFile; fileRef = 606811D226A3F33300FC9EF0 /* CountryTableViewCell.swift */; };
		606811D526A3F33300FC9EF0 /* CountryTableViewCell.xib in Resources */ = {isa = PBXBuildFile; fileRef = 606811D326A3F33300FC9EF0 /* CountryTableViewCell.xib */; };
		606811E226A425D600FC9EF0 /* CountryDetailsTableViewController.swift in Sources */ = {isa = PBXBuildFile; fileRef = 606811E126A425D600FC9EF0 /* CountryDetailsTableViewController.swift */; };
		606811E826A4789300FC9EF0 /* FlagImageTableViewCell.swift in Sources */ = {isa = PBXBuildFile; fileRef = 606811E626A4789300FC9EF0 /* FlagImageTableViewCell.swift */; };
		606811E926A4789300FC9EF0 /* FlagImageTableViewCell.xib in Resources */ = {isa = PBXBuildFile; fileRef = 606811E726A4789300FC9EF0 /* FlagImageTableViewCell.xib */; };
		6068120926A552CF00FC9EF0 /* CountryDetailsTableViewCell.swift in Sources */ = {isa = PBXBuildFile; fileRef = 6068120726A552CF00FC9EF0 /* CountryDetailsTableViewCell.swift */; };
		6068120A26A552CF00FC9EF0 /* CountryDetailsTableViewCell.xib in Resources */ = {isa = PBXBuildFile; fileRef = 6068120826A552CF00FC9EF0 /* CountryDetailsTableViewCell.xib */; };
		6068121726A5596300FC9EF0 /* CountryDetailCellView.xib in Resources */ = {isa = PBXBuildFile; fileRef = 6068121626A5596300FC9EF0 /* CountryDetailCellView.xib */; };
		6068121C26A559A600FC9EF0 /* CountryDetailCellView.swift in Sources */ = {isa = PBXBuildFile; fileRef = 6068121B26A559A600FC9EF0 /* CountryDetailCellView.swift */; };
		6068122126A57B3D00FC9EF0 /* CountryDetailViewModel.swift in Sources */ = {isa = PBXBuildFile; fileRef = 6068122026A57B3D00FC9EF0 /* CountryDetailViewModel.swift */; };
		6068122726A57CDA00FC9EF0 /* TableView + Configs.swift in Sources */ = {isa = PBXBuildFile; fileRef = 6068122626A57CDA00FC9EF0 /* TableView + Configs.swift */; };
		6068123726A593FA00FC9EF0 /* NSObjectExtension.swift in Sources */ = {isa = PBXBuildFile; fileRef = 6068123626A593FA00FC9EF0 /* NSObjectExtension.swift */; };
		6068126626A5F7FD00FC9EF0 /* StoryBoarded.swift in Sources */ = {isa = PBXBuildFile; fileRef = 6068126526A5F7FD00FC9EF0 /* StoryBoarded.swift */; };
		6068126B26A5F82100FC9EF0 /* Coordinator.swift in Sources */ = {isa = PBXBuildFile; fileRef = 6068126A26A5F82100FC9EF0 /* Coordinator.swift */; };
		6068127026A5F83B00FC9EF0 /* AppCoordinator.swift in Sources */ = {isa = PBXBuildFile; fileRef = 6068126F26A5F83B00FC9EF0 /* AppCoordinator.swift */; };
		6068129226A5FED500FC9EF0 /* Schemes.swift in Sources */ = {isa = PBXBuildFile; fileRef = 6068127C26A5FED500FC9EF0 /* Schemes.swift */; };
		6068129326A5FED500FC9EF0 /* RequestBase.swift in Sources */ = {isa = PBXBuildFile; fileRef = 6068127E26A5FED500FC9EF0 /* RequestBase.swift */; };
		6068129426A5FED500FC9EF0 /* HTTPMethod.swift in Sources */ = {isa = PBXBuildFile; fileRef = 6068128026A5FED500FC9EF0 /* HTTPMethod.swift */; };
		6068129526A5FED500FC9EF0 /* NetworkRequestProvider.swift in Sources */ = {isa = PBXBuildFile; fileRef = 6068128226A5FED500FC9EF0 /* NetworkRequestProvider.swift */; };
		6068129626A5FED500FC9EF0 /* RequestBody.swift in Sources */ = {isa = PBXBuildFile; fileRef = 6068128426A5FED500FC9EF0 /* RequestBody.swift */; };
		6068129726A5FED500FC9EF0 /* RequestProviderConfigurations.swift in Sources */ = {isa = PBXBuildFile; fileRef = 6068128626A5FED500FC9EF0 /* RequestProviderConfigurations.swift */; };
		6068129826A5FED500FC9EF0 /* RequestProvider.swift in Sources */ = {isa = PBXBuildFile; fileRef = 6068128726A5FED500FC9EF0 /* RequestProvider.swift */; };
		6068129926A5FED500FC9EF0 /* HTTPHeaders.swift in Sources */ = {isa = PBXBuildFile; fileRef = 6068128926A5FED500FC9EF0 /* HTTPHeaders.swift */; };
		6068129A26A5FED500FC9EF0 /* RequestEndpoint.swift in Sources */ = {isa = PBXBuildFile; fileRef = 6068128B26A5FED500FC9EF0 /* RequestEndpoint.swift */; };
		6068129B26A5FED500FC9EF0 /* Request.swift in Sources */ = {isa = PBXBuildFile; fileRef = 6068128D26A5FED500FC9EF0 /* Request.swift */; };
		6068129C26A5FED500FC9EF0 /* NetworkErrors.swift in Sources */ = {isa = PBXBuildFile; fileRef = 6068128F26A5FED500FC9EF0 /* NetworkErrors.swift */; };
		6068129D26A5FED500FC9EF0 /* NetworkRequestProviderLogger.swift in Sources */ = {isa = PBXBuildFile; fileRef = 6068129126A5FED500FC9EF0 /* NetworkRequestProviderLogger.swift */; };
		606812A626A6024100FC9EF0 /* Network.swift in Sources */ = {isa = PBXBuildFile; fileRef = 606812A526A6024100FC9EF0 /* Network.swift */; };
		62FA9396B81DFFB099FABB70 /* Pods_CountriesAppTests.framework in Frameworks */ = {isa = PBXBuildFile; fileRef = 116E001AE24117204B43908D /* Pods_CountriesAppTests.framework */; };
		A4402A910BAAFB48DDCE6C72 /* Pods_CountriesApp_CountriesAppUITests.framework in Frameworks */ = {isa = PBXBuildFile; fileRef = 9D8B8917091E06EA41C683D4 /* Pods_CountriesApp_CountriesAppUITests.framework */; };
		E9ADF3B5E542558FEA930234 /* Pods_CountriesApp.framework in Frameworks */ = {isa = PBXBuildFile; fileRef = 17D40E221ECB837F93471E90 /* Pods_CountriesApp.framework */; };
/* End PBXBuildFile section */

/* Begin PBXContainerItemProxy section */
		6068118926A3EBAB00FC9EF0 /* PBXContainerItemProxy */ = {
			isa = PBXContainerItemProxy;
			containerPortal = 6068116A26A3EBA800FC9EF0 /* Project object */;
			proxyType = 1;
			remoteGlobalIDString = 6068117126A3EBA800FC9EF0;
			remoteInfo = CountriesApp;
		};
		6068119426A3EBAB00FC9EF0 /* PBXContainerItemProxy */ = {
			isa = PBXContainerItemProxy;
			containerPortal = 6068116A26A3EBA800FC9EF0 /* Project object */;
			proxyType = 1;
			remoteGlobalIDString = 6068117126A3EBA800FC9EF0;
			remoteInfo = CountriesApp;
		};
/* End PBXContainerItemProxy section */

/* Begin PBXFileReference section */
		0ABD7654B945ED366E283F4A /* Pods-CountriesApp-CountriesAppUITests.debug.xcconfig */ = {isa = PBXFileReference; includeInIndex = 1; lastKnownFileType = text.xcconfig; name = "Pods-CountriesApp-CountriesAppUITests.debug.xcconfig"; path = "Target Support Files/Pods-CountriesApp-CountriesAppUITests/Pods-CountriesApp-CountriesAppUITests.debug.xcconfig"; sourceTree = "<group>"; };
		111FFB6BE7FECBD26E0E382F /* Pods-CountriesAppTests.debug.xcconfig */ = {isa = PBXFileReference; includeInIndex = 1; lastKnownFileType = text.xcconfig; name = "Pods-CountriesAppTests.debug.xcconfig"; path = "Target Support Files/Pods-CountriesAppTests/Pods-CountriesAppTests.debug.xcconfig"; sourceTree = "<group>"; };
		116E001AE24117204B43908D /* Pods_CountriesAppTests.framework */ = {isa = PBXFileReference; explicitFileType = wrapper.framework; includeInIndex = 0; path = Pods_CountriesAppTests.framework; sourceTree = BUILT_PRODUCTS_DIR; };
		17D40E221ECB837F93471E90 /* Pods_CountriesApp.framework */ = {isa = PBXFileReference; explicitFileType = wrapper.framework; includeInIndex = 0; path = Pods_CountriesApp.framework; sourceTree = BUILT_PRODUCTS_DIR; };
		6068117226A3EBA800FC9EF0 /* CountriesApp.app */ = {isa = PBXFileReference; explicitFileType = wrapper.application; includeInIndex = 0; path = CountriesApp.app; sourceTree = BUILT_PRODUCTS_DIR; };
		6068117526A3EBA800FC9EF0 /* AppDelegate.swift */ = {isa = PBXFileReference; lastKnownFileType = sourcecode.swift; path = AppDelegate.swift; sourceTree = "<group>"; };
		6068117726A3EBA800FC9EF0 /* SceneDelegate.swift */ = {isa = PBXFileReference; lastKnownFileType = sourcecode.swift; path = SceneDelegate.swift; sourceTree = "<group>"; };
		6068117926A3EBA800FC9EF0 /* CountriesTableViewController.swift */ = {isa = PBXFileReference; lastKnownFileType = sourcecode.swift; path = CountriesTableViewController.swift; sourceTree = "<group>"; };
		6068117C26A3EBA800FC9EF0 /* Base */ = {isa = PBXFileReference; lastKnownFileType = file.storyboard; name = Base; path = Base.lproj/Main.storyboard; sourceTree = "<group>"; };
		6068117E26A3EBAA00FC9EF0 /* Assets.xcassets */ = {isa = PBXFileReference; lastKnownFileType = folder.assetcatalog; path = Assets.xcassets; sourceTree = "<group>"; };
		6068118126A3EBAA00FC9EF0 /* Base */ = {isa = PBXFileReference; lastKnownFileType = file.storyboard; name = Base; path = Base.lproj/LaunchScreen.storyboard; sourceTree = "<group>"; };
		6068118326A3EBAA00FC9EF0 /* Info.plist */ = {isa = PBXFileReference; lastKnownFileType = text.plist.xml; path = Info.plist; sourceTree = "<group>"; };
		6068118826A3EBAB00FC9EF0 /* CountriesAppTests.xctest */ = {isa = PBXFileReference; explicitFileType = wrapper.cfbundle; includeInIndex = 0; path = CountriesAppTests.xctest; sourceTree = BUILT_PRODUCTS_DIR; };
		6068118C26A3EBAB00FC9EF0 /* CountriesAppTests.swift */ = {isa = PBXFileReference; lastKnownFileType = sourcecode.swift; path = CountriesAppTests.swift; sourceTree = "<group>"; };
		6068118E26A3EBAB00FC9EF0 /* Info.plist */ = {isa = PBXFileReference; lastKnownFileType = text.plist.xml; path = Info.plist; sourceTree = "<group>"; };
		6068119326A3EBAB00FC9EF0 /* CountriesAppUITests.xctest */ = {isa = PBXFileReference; explicitFileType = wrapper.cfbundle; includeInIndex = 0; path = CountriesAppUITests.xctest; sourceTree = BUILT_PRODUCTS_DIR; };
		6068119726A3EBAB00FC9EF0 /* CountriesAppUITests.swift */ = {isa = PBXFileReference; lastKnownFileType = sourcecode.swift; path = CountriesAppUITests.swift; sourceTree = "<group>"; };
		6068119926A3EBAB00FC9EF0 /* Info.plist */ = {isa = PBXFileReference; lastKnownFileType = text.plist.xml; path = Info.plist; sourceTree = "<group>"; };
		606811B326A3F07200FC9EF0 /* Country.swift */ = {isa = PBXFileReference; lastKnownFileType = sourcecode.swift; path = Country.swift; sourceTree = "<group>"; };
		606811B826A3F0E900FC9EF0 /* CountryViewModel.swift */ = {isa = PBXFileReference; lastKnownFileType = sourcecode.swift; path = CountryViewModel.swift; sourceTree = "<group>"; };
		606811D226A3F33300FC9EF0 /* CountryTableViewCell.swift */ = {isa = PBXFileReference; fileEncoding = 4; lastKnownFileType = sourcecode.swift; path = CountryTableViewCell.swift; sourceTree = "<group>"; };
		606811D326A3F33300FC9EF0 /* CountryTableViewCell.xib */ = {isa = PBXFileReference; fileEncoding = 4; lastKnownFileType = file.xib; path = CountryTableViewCell.xib; sourceTree = "<group>"; };
		606811E126A425D600FC9EF0 /* CountryDetailsTableViewController.swift */ = {isa = PBXFileReference; lastKnownFileType = sourcecode.swift; path = CountryDetailsTableViewController.swift; sourceTree = "<group>"; };
		606811E626A4789300FC9EF0 /* FlagImageTableViewCell.swift */ = {isa = PBXFileReference; lastKnownFileType = sourcecode.swift; path = FlagImageTableViewCell.swift; sourceTree = "<group>"; };
		606811E726A4789300FC9EF0 /* FlagImageTableViewCell.xib */ = {isa = PBXFileReference; lastKnownFileType = file.xib; path = FlagImageTableViewCell.xib; sourceTree = "<group>"; };
		6068120726A552CF00FC9EF0 /* CountryDetailsTableViewCell.swift */ = {isa = PBXFileReference; lastKnownFileType = sourcecode.swift; path = CountryDetailsTableViewCell.swift; sourceTree = "<group>"; };
		6068120826A552CF00FC9EF0 /* CountryDetailsTableViewCell.xib */ = {isa = PBXFileReference; lastKnownFileType = file.xib; path = CountryDetailsTableViewCell.xib; sourceTree = "<group>"; };
		6068121626A5596300FC9EF0 /* CountryDetailCellView.xib */ = {isa = PBXFileReference; lastKnownFileType = file.xib; path = CountryDetailCellView.xib; sourceTree = "<group>"; };
		6068121B26A559A600FC9EF0 /* CountryDetailCellView.swift */ = {isa = PBXFileReference; lastKnownFileType = sourcecode.swift; path = CountryDetailCellView.swift; sourceTree = "<group>"; };
		6068122026A57B3D00FC9EF0 /* CountryDetailViewModel.swift */ = {isa = PBXFileReference; lastKnownFileType = sourcecode.swift; path = CountryDetailViewModel.swift; sourceTree = "<group>"; };
		6068122626A57CDA00FC9EF0 /* TableView + Configs.swift */ = {isa = PBXFileReference; lastKnownFileType = sourcecode.swift; path = "TableView + Configs.swift"; sourceTree = "<group>"; };
		6068123626A593FA00FC9EF0 /* NSObjectExtension.swift */ = {isa = PBXFileReference; lastKnownFileType = sourcecode.swift; path = NSObjectExtension.swift; sourceTree = "<group>"; };
		6068126526A5F7FD00FC9EF0 /* StoryBoarded.swift */ = {isa = PBXFileReference; lastKnownFileType = sourcecode.swift; path = StoryBoarded.swift; sourceTree = "<group>"; };
		6068126A26A5F82100FC9EF0 /* Coordinator.swift */ = {isa = PBXFileReference; lastKnownFileType = sourcecode.swift; path = Coordinator.swift; sourceTree = "<group>"; };
		6068126F26A5F83B00FC9EF0 /* AppCoordinator.swift */ = {isa = PBXFileReference; lastKnownFileType = sourcecode.swift; path = AppCoordinator.swift; sourceTree = "<group>"; };
		6068127C26A5FED500FC9EF0 /* Schemes.swift */ = {isa = PBXFileReference; fileEncoding = 4; lastKnownFileType = sourcecode.swift; path = Schemes.swift; sourceTree = "<group>"; };
		6068127E26A5FED500FC9EF0 /* RequestBase.swift */ = {isa = PBXFileReference; fileEncoding = 4; lastKnownFileType = sourcecode.swift; path = RequestBase.swift; sourceTree = "<group>"; };
		6068128026A5FED500FC9EF0 /* HTTPMethod.swift */ = {isa = PBXFileReference; fileEncoding = 4; lastKnownFileType = sourcecode.swift; path = HTTPMethod.swift; sourceTree = "<group>"; };
		6068128226A5FED500FC9EF0 /* NetworkRequestProvider.swift */ = {isa = PBXFileReference; fileEncoding = 4; lastKnownFileType = sourcecode.swift; path = NetworkRequestProvider.swift; sourceTree = "<group>"; };
		6068128426A5FED500FC9EF0 /* RequestBody.swift */ = {isa = PBXFileReference; fileEncoding = 4; lastKnownFileType = sourcecode.swift; path = RequestBody.swift; sourceTree = "<group>"; };
		6068128626A5FED500FC9EF0 /* RequestProviderConfigurations.swift */ = {isa = PBXFileReference; fileEncoding = 4; lastKnownFileType = sourcecode.swift; path = RequestProviderConfigurations.swift; sourceTree = "<group>"; };
		6068128726A5FED500FC9EF0 /* RequestProvider.swift */ = {isa = PBXFileReference; fileEncoding = 4; lastKnownFileType = sourcecode.swift; path = RequestProvider.swift; sourceTree = "<group>"; };
		6068128926A5FED500FC9EF0 /* HTTPHeaders.swift */ = {isa = PBXFileReference; fileEncoding = 4; lastKnownFileType = sourcecode.swift; path = HTTPHeaders.swift; sourceTree = "<group>"; };
		6068128B26A5FED500FC9EF0 /* RequestEndpoint.swift */ = {isa = PBXFileReference; fileEncoding = 4; lastKnownFileType = sourcecode.swift; path = RequestEndpoint.swift; sourceTree = "<group>"; };
		6068128D26A5FED500FC9EF0 /* Request.swift */ = {isa = PBXFileReference; fileEncoding = 4; lastKnownFileType = sourcecode.swift; path = Request.swift; sourceTree = "<group>"; };
		6068128F26A5FED500FC9EF0 /* NetworkErrors.swift */ = {isa = PBXFileReference; fileEncoding = 4; lastKnownFileType = sourcecode.swift; path = NetworkErrors.swift; sourceTree = "<group>"; };
		6068129126A5FED500FC9EF0 /* NetworkRequestProviderLogger.swift */ = {isa = PBXFileReference; fileEncoding = 4; lastKnownFileType = sourcecode.swift; path = NetworkRequestProviderLogger.swift; sourceTree = "<group>"; };
		606812A526A6024100FC9EF0 /* Network.swift */ = {isa = PBXFileReference; lastKnownFileType = sourcecode.swift; path = Network.swift; sourceTree = "<group>"; };
		6A00A4E3F2C7D7F34C30BF48 /* Pods-CountriesApp.release.xcconfig */ = {isa = PBXFileReference; includeInIndex = 1; lastKnownFileType = text.xcconfig; name = "Pods-CountriesApp.release.xcconfig"; path = "Target Support Files/Pods-CountriesApp/Pods-CountriesApp.release.xcconfig"; sourceTree = "<group>"; };
		9D8B8917091E06EA41C683D4 /* Pods_CountriesApp_CountriesAppUITests.framework */ = {isa = PBXFileReference; explicitFileType = wrapper.framework; includeInIndex = 0; path = Pods_CountriesApp_CountriesAppUITests.framework; sourceTree = BUILT_PRODUCTS_DIR; };
		A7F1FDC29C075C6B761762AA /* Pods-CountriesApp-CountriesAppUITests.release.xcconfig */ = {isa = PBXFileReference; includeInIndex = 1; lastKnownFileType = text.xcconfig; name = "Pods-CountriesApp-CountriesAppUITests.release.xcconfig"; path = "Target Support Files/Pods-CountriesApp-CountriesAppUITests/Pods-CountriesApp-CountriesAppUITests.release.xcconfig"; sourceTree = "<group>"; };
		B21D3941F82F45F247765BBA /* Pods-CountriesAppTests.release.xcconfig */ = {isa = PBXFileReference; includeInIndex = 1; lastKnownFileType = text.xcconfig; name = "Pods-CountriesAppTests.release.xcconfig"; path = "Target Support Files/Pods-CountriesAppTests/Pods-CountriesAppTests.release.xcconfig"; sourceTree = "<group>"; };
		DCDC8BD6502471AA85BFECD7 /* Pods-CountriesApp.debug.xcconfig */ = {isa = PBXFileReference; includeInIndex = 1; lastKnownFileType = text.xcconfig; name = "Pods-CountriesApp.debug.xcconfig"; path = "Target Support Files/Pods-CountriesApp/Pods-CountriesApp.debug.xcconfig"; sourceTree = "<group>"; };
/* End PBXFileReference section */

/* Begin PBXFrameworksBuildPhase section */
		6068116F26A3EBA800FC9EF0 /* Frameworks */ = {
			isa = PBXFrameworksBuildPhase;
			buildActionMask = 2147483647;
			files = (
				E9ADF3B5E542558FEA930234 /* Pods_CountriesApp.framework in Frameworks */,
			);
			runOnlyForDeploymentPostprocessing = 0;
		};
		6068118526A3EBAB00FC9EF0 /* Frameworks */ = {
			isa = PBXFrameworksBuildPhase;
			buildActionMask = 2147483647;
			files = (
				62FA9396B81DFFB099FABB70 /* Pods_CountriesAppTests.framework in Frameworks */,
			);
			runOnlyForDeploymentPostprocessing = 0;
		};
		6068119026A3EBAB00FC9EF0 /* Frameworks */ = {
			isa = PBXFrameworksBuildPhase;
			buildActionMask = 2147483647;
			files = (
				A4402A910BAAFB48DDCE6C72 /* Pods_CountriesApp_CountriesAppUITests.framework in Frameworks */,
			);
			runOnlyForDeploymentPostprocessing = 0;
		};
/* End PBXFrameworksBuildPhase section */

/* Begin PBXGroup section */
		08E20A8D6CD85E3C7AB6E20A /* Pods */ = {
			isa = PBXGroup;
			children = (
				DCDC8BD6502471AA85BFECD7 /* Pods-CountriesApp.debug.xcconfig */,
				6A00A4E3F2C7D7F34C30BF48 /* Pods-CountriesApp.release.xcconfig */,
				0ABD7654B945ED366E283F4A /* Pods-CountriesApp-CountriesAppUITests.debug.xcconfig */,
				A7F1FDC29C075C6B761762AA /* Pods-CountriesApp-CountriesAppUITests.release.xcconfig */,
				111FFB6BE7FECBD26E0E382F /* Pods-CountriesAppTests.debug.xcconfig */,
				B21D3941F82F45F247765BBA /* Pods-CountriesAppTests.release.xcconfig */,
			);
			path = Pods;
			sourceTree = "<group>";
		};
		40A50B4D3C03870A20162407 /* Frameworks */ = {
			isa = PBXGroup;
			children = (
				17D40E221ECB837F93471E90 /* Pods_CountriesApp.framework */,
				9D8B8917091E06EA41C683D4 /* Pods_CountriesApp_CountriesAppUITests.framework */,
				116E001AE24117204B43908D /* Pods_CountriesAppTests.framework */,
			);
			name = Frameworks;
			sourceTree = "<group>";
		};
		6068116926A3EBA800FC9EF0 = {
			isa = PBXGroup;
			children = (
				6068117426A3EBA800FC9EF0 /* CountriesApp */,
				6068118B26A3EBAB00FC9EF0 /* CountriesAppTests */,
				6068119626A3EBAB00FC9EF0 /* CountriesAppUITests */,
				6068117326A3EBA800FC9EF0 /* Products */,
				08E20A8D6CD85E3C7AB6E20A /* Pods */,
				40A50B4D3C03870A20162407 /* Frameworks */,
			);
			sourceTree = "<group>";
		};
		6068117326A3EBA800FC9EF0 /* Products */ = {
			isa = PBXGroup;
			children = (
				6068117226A3EBA800FC9EF0 /* CountriesApp.app */,
				6068118826A3EBAB00FC9EF0 /* CountriesAppTests.xctest */,
				6068119326A3EBAB00FC9EF0 /* CountriesAppUITests.xctest */,
			);
			name = Products;
			sourceTree = "<group>";
		};
		6068117426A3EBA800FC9EF0 /* CountriesApp */ = {
			isa = PBXGroup;
			children = (
				6068127A26A5FED500FC9EF0 /* Network */,
				6068126226A5F7C500FC9EF0 /* Helper */,
				6068122526A57CB500FC9EF0 /* Extensions */,
				606811AB26A3ECA300FC9EF0 /* Controller */,
				606811AA26A3EC8400FC9EF0 /* ViewModel */,
				606811A926A3EC7C00FC9EF0 /* View */,
				606811A826A3EC7400FC9EF0 /* Model */,
				6068117526A3EBA800FC9EF0 /* AppDelegate.swift */,
				6068117726A3EBA800FC9EF0 /* SceneDelegate.swift */,
				6068118326A3EBAA00FC9EF0 /* Info.plist */,
				6068117E26A3EBAA00FC9EF0 /* Assets.xcassets */,
			);
			path = CountriesApp;
			sourceTree = "<group>";
		};
		6068118B26A3EBAB00FC9EF0 /* CountriesAppTests */ = {
			isa = PBXGroup;
			children = (
				6068118C26A3EBAB00FC9EF0 /* CountriesAppTests.swift */,
				6068118E26A3EBAB00FC9EF0 /* Info.plist */,
			);
			path = CountriesAppTests;
			sourceTree = "<group>";
		};
		6068119626A3EBAB00FC9EF0 /* CountriesAppUITests */ = {
			isa = PBXGroup;
			children = (
				6068119726A3EBAB00FC9EF0 /* CountriesAppUITests.swift */,
				6068119926A3EBAB00FC9EF0 /* Info.plist */,
			);
			path = CountriesAppUITests;
			sourceTree = "<group>";
		};
		606811A826A3EC7400FC9EF0 /* Model */ = {
			isa = PBXGroup;
			children = (
				606811B326A3F07200FC9EF0 /* Country.swift */,
			);
			path = Model;
			sourceTree = "<group>";
		};
		606811A926A3EC7C00FC9EF0 /* View */ = {
			isa = PBXGroup;
			children = (
				606811D126A3F2F000FC9EF0 /* CustomTableViewCells */,
				606811C026A3F1FE00FC9EF0 /* CustomViews */,
				6068118026A3EBAA00FC9EF0 /* LaunchScreen.storyboard */,
				6068117B26A3EBA800FC9EF0 /* Main.storyboard */,
			);
			path = View;
			sourceTree = "<group>";
		};
		606811AA26A3EC8400FC9EF0 /* ViewModel */ = {
			isa = PBXGroup;
			children = (
				606811B826A3F0E900FC9EF0 /* CountryViewModel.swift */,
				6068122026A57B3D00FC9EF0 /* CountryDetailViewModel.swift */,
			);
			path = ViewModel;
			sourceTree = "<group>";
		};
		606811AB26A3ECA300FC9EF0 /* Controller */ = {
			isa = PBXGroup;
			children = (
				6068117926A3EBA800FC9EF0 /* CountriesTableViewController.swift */,
				606811E126A425D600FC9EF0 /* CountryDetailsTableViewController.swift */,
			);
			path = Controller;
			sourceTree = "<group>";
		};
		606811C026A3F1FE00FC9EF0 /* CustomViews */ = {
			isa = PBXGroup;
			children = (
				6068121626A5596300FC9EF0 /* CountryDetailCellView.xib */,
				6068121B26A559A600FC9EF0 /* CountryDetailCellView.swift */,
			);
			path = CustomViews;
			sourceTree = "<group>";
		};
		606811D126A3F2F000FC9EF0 /* CustomTableViewCells */ = {
			isa = PBXGroup;
			children = (
				606811D226A3F33300FC9EF0 /* CountryTableViewCell.swift */,
				606811D326A3F33300FC9EF0 /* CountryTableViewCell.xib */,
				606811E626A4789300FC9EF0 /* FlagImageTableViewCell.swift */,
				606811E726A4789300FC9EF0 /* FlagImageTableViewCell.xib */,
				6068120726A552CF00FC9EF0 /* CountryDetailsTableViewCell.swift */,
				6068120826A552CF00FC9EF0 /* CountryDetailsTableViewCell.xib */,
			);
			path = CustomTableViewCells;
			sourceTree = "<group>";
		};
		6068122526A57CB500FC9EF0 /* Extensions */ = {
			isa = PBXGroup;
			children = (
				6068122626A57CDA00FC9EF0 /* TableView + Configs.swift */,
				6068123626A593FA00FC9EF0 /* NSObjectExtension.swift */,
			);
			path = Extensions;
			sourceTree = "<group>";
		};
		6068126226A5F7C500FC9EF0 /* Helper */ = {
			isa = PBXGroup;
			children = (
				6068126426A5F7D500FC9EF0 /* Coordinator */,
				6068126326A5F7CB00FC9EF0 /* Storyboard */,
			);
			path = Helper;
			sourceTree = "<group>";
		};
		6068126326A5F7CB00FC9EF0 /* Storyboard */ = {
			isa = PBXGroup;
			children = (
				6068126526A5F7FD00FC9EF0 /* StoryBoarded.swift */,
			);
			path = Storyboard;
			sourceTree = "<group>";
		};
		6068126426A5F7D500FC9EF0 /* Coordinator */ = {
			isa = PBXGroup;
			children = (
				6068126A26A5F82100FC9EF0 /* Coordinator.swift */,
				6068126F26A5F83B00FC9EF0 /* AppCoordinator.swift */,
			);
			path = Coordinator;
			sourceTree = "<group>";
		};
		6068127A26A5FED500FC9EF0 /* Network */ = {
			isa = PBXGroup;
			children = (
				6068127B26A5FED500FC9EF0 /* Schemes */,
				6068127D26A5FED500FC9EF0 /* RequestBase */,
				6068127F26A5FED500FC9EF0 /* Methods */,
				6068128126A5FED500FC9EF0 /* NetworkRequestProvider */,
				6068128326A5FED500FC9EF0 /* BodyParameters */,
				6068128526A5FED500FC9EF0 /* RequestProvider */,
				6068128826A5FED500FC9EF0 /* Headers */,
				6068128A26A5FED500FC9EF0 /* Endpoint */,
				6068128C26A5FED500FC9EF0 /* ApiRequest */,
				6068128E26A5FED500FC9EF0 /* NetworkErrors */,
				6068129026A5FED500FC9EF0 /* NetworkRequestProviderLogger */,
				606812A526A6024100FC9EF0 /* Network.swift */,
			);
			name = Network;
			path = "../../../../Abi PM Projects/Flags-main/Flags/Network";
			sourceTree = "<group>";
		};
		6068127B26A5FED500FC9EF0 /* Schemes */ = {
			isa = PBXGroup;
			children = (
				6068127C26A5FED500FC9EF0 /* Schemes.swift */,
			);
			path = Schemes;
			sourceTree = "<group>";
		};
		6068127D26A5FED500FC9EF0 /* RequestBase */ = {
			isa = PBXGroup;
			children = (
				6068127E26A5FED500FC9EF0 /* RequestBase.swift */,
			);
			path = RequestBase;
			sourceTree = "<group>";
		};
		6068127F26A5FED500FC9EF0 /* Methods */ = {
			isa = PBXGroup;
			children = (
				6068128026A5FED500FC9EF0 /* HTTPMethod.swift */,
			);
			path = Methods;
			sourceTree = "<group>";
		};
		6068128126A5FED500FC9EF0 /* NetworkRequestProvider */ = {
			isa = PBXGroup;
			children = (
				6068128226A5FED500FC9EF0 /* NetworkRequestProvider.swift */,
			);
			path = NetworkRequestProvider;
			sourceTree = "<group>";
		};
		6068128326A5FED500FC9EF0 /* BodyParameters */ = {
			isa = PBXGroup;
			children = (
				6068128426A5FED500FC9EF0 /* RequestBody.swift */,
			);
			path = BodyParameters;
			sourceTree = "<group>";
		};
		6068128526A5FED500FC9EF0 /* RequestProvider */ = {
			isa = PBXGroup;
			children = (
				6068128626A5FED500FC9EF0 /* RequestProviderConfigurations.swift */,
				6068128726A5FED500FC9EF0 /* RequestProvider.swift */,
			);
			path = RequestProvider;
			sourceTree = "<group>";
		};
		6068128826A5FED500FC9EF0 /* Headers */ = {
			isa = PBXGroup;
			children = (
				6068128926A5FED500FC9EF0 /* HTTPHeaders.swift */,
			);
			path = Headers;
			sourceTree = "<group>";
		};
		6068128A26A5FED500FC9EF0 /* Endpoint */ = {
			isa = PBXGroup;
			children = (
				6068128B26A5FED500FC9EF0 /* RequestEndpoint.swift */,
			);
			path = Endpoint;
			sourceTree = "<group>";
		};
		6068128C26A5FED500FC9EF0 /* ApiRequest */ = {
			isa = PBXGroup;
			children = (
				6068128D26A5FED500FC9EF0 /* Request.swift */,
			);
			path = ApiRequest;
			sourceTree = "<group>";
		};
		6068128E26A5FED500FC9EF0 /* NetworkErrors */ = {
			isa = PBXGroup;
			children = (
				6068128F26A5FED500FC9EF0 /* NetworkErrors.swift */,
			);
			path = NetworkErrors;
			sourceTree = "<group>";
		};
		6068129026A5FED500FC9EF0 /* NetworkRequestProviderLogger */ = {
			isa = PBXGroup;
			children = (
				6068129126A5FED500FC9EF0 /* NetworkRequestProviderLogger.swift */,
			);
			path = NetworkRequestProviderLogger;
			sourceTree = "<group>";
		};
/* End PBXGroup section */

/* Begin PBXNativeTarget section */
		6068117126A3EBA800FC9EF0 /* CountriesApp */ = {
			isa = PBXNativeTarget;
			buildConfigurationList = 6068119C26A3EBAB00FC9EF0 /* Build configuration list for PBXNativeTarget "CountriesApp" */;
			buildPhases = (
				99D2C1F7B9101EB6417A93CF /* [CP] Check Pods Manifest.lock */,
				6068116E26A3EBA800FC9EF0 /* Sources */,
				6068116F26A3EBA800FC9EF0 /* Frameworks */,
				6068117026A3EBA800FC9EF0 /* Resources */,
				9C686D272B81F50B9DC2AB61 /* [CP] Embed Pods Frameworks */,
			);
			buildRules = (
			);
			dependencies = (
			);
			name = CountriesApp;
			productName = CountriesApp;
			productReference = 6068117226A3EBA800FC9EF0 /* CountriesApp.app */;
			productType = "com.apple.product-type.application";
		};
		6068118726A3EBAB00FC9EF0 /* CountriesAppTests */ = {
			isa = PBXNativeTarget;
			buildConfigurationList = 6068119F26A3EBAB00FC9EF0 /* Build configuration list for PBXNativeTarget "CountriesAppTests" */;
			buildPhases = (
				DE7AF64EABF985C4266C6121 /* [CP] Check Pods Manifest.lock */,
				6068118426A3EBAB00FC9EF0 /* Sources */,
				6068118526A3EBAB00FC9EF0 /* Frameworks */,
				6068118626A3EBAB00FC9EF0 /* Resources */,
			);
			buildRules = (
			);
			dependencies = (
				6068118A26A3EBAB00FC9EF0 /* PBXTargetDependency */,
			);
			name = CountriesAppTests;
			productName = CountriesAppTests;
			productReference = 6068118826A3EBAB00FC9EF0 /* CountriesAppTests.xctest */;
			productType = "com.apple.product-type.bundle.unit-test";
		};
		6068119226A3EBAB00FC9EF0 /* CountriesAppUITests */ = {
			isa = PBXNativeTarget;
			buildConfigurationList = 606811A226A3EBAB00FC9EF0 /* Build configuration list for PBXNativeTarget "CountriesAppUITests" */;
			buildPhases = (
				0FDF506FBFDBFBC74F77CF5E /* [CP] Check Pods Manifest.lock */,
				6068118F26A3EBAB00FC9EF0 /* Sources */,
				6068119026A3EBAB00FC9EF0 /* Frameworks */,
				6068119126A3EBAB00FC9EF0 /* Resources */,
				F86FF8618A81D2ECD49563B5 /* [CP] Embed Pods Frameworks */,
			);
			buildRules = (
			);
			dependencies = (
				6068119526A3EBAB00FC9EF0 /* PBXTargetDependency */,
			);
			name = CountriesAppUITests;
			productName = CountriesAppUITests;
			productReference = 6068119326A3EBAB00FC9EF0 /* CountriesAppUITests.xctest */;
			productType = "com.apple.product-type.bundle.ui-testing";
		};
/* End PBXNativeTarget section */

/* Begin PBXProject section */
		6068116A26A3EBA800FC9EF0 /* Project object */ = {
			isa = PBXProject;
			attributes = {
				LastSwiftUpdateCheck = 1240;
				LastUpgradeCheck = 1240;
				TargetAttributes = {
					6068117126A3EBA800FC9EF0 = {
						CreatedOnToolsVersion = 12.4;
					};
					6068118726A3EBAB00FC9EF0 = {
						CreatedOnToolsVersion = 12.4;
						TestTargetID = 6068117126A3EBA800FC9EF0;
					};
					6068119226A3EBAB00FC9EF0 = {
						CreatedOnToolsVersion = 12.4;
						TestTargetID = 6068117126A3EBA800FC9EF0;
					};
				};
			};
			buildConfigurationList = 6068116D26A3EBA800FC9EF0 /* Build configuration list for PBXProject "CountriesApp" */;
			compatibilityVersion = "Xcode 9.3";
			developmentRegion = en;
			hasScannedForEncodings = 0;
			knownRegions = (
				en,
				Base,
			);
			mainGroup = 6068116926A3EBA800FC9EF0;
			productRefGroup = 6068117326A3EBA800FC9EF0 /* Products */;
			projectDirPath = "";
			projectRoot = "";
			targets = (
				6068117126A3EBA800FC9EF0 /* CountriesApp */,
				6068118726A3EBAB00FC9EF0 /* CountriesAppTests */,
				6068119226A3EBAB00FC9EF0 /* CountriesAppUITests */,
			);
		};
/* End PBXProject section */

/* Begin PBXResourcesBuildPhase section */
		6068117026A3EBA800FC9EF0 /* Resources */ = {
			isa = PBXResourcesBuildPhase;
			buildActionMask = 2147483647;
			files = (
				606811D526A3F33300FC9EF0 /* CountryTableViewCell.xib in Resources */,
				6068118226A3EBAA00FC9EF0 /* LaunchScreen.storyboard in Resources */,
				6068117F26A3EBAA00FC9EF0 /* Assets.xcassets in Resources */,
				6068117D26A3EBA800FC9EF0 /* Main.storyboard in Resources */,
				6068121726A5596300FC9EF0 /* CountryDetailCellView.xib in Resources */,
				606811E926A4789300FC9EF0 /* FlagImageTableViewCell.xib in Resources */,
				6068120A26A552CF00FC9EF0 /* CountryDetailsTableViewCell.xib in Resources */,
			);
			runOnlyForDeploymentPostprocessing = 0;
		};
		6068118626A3EBAB00FC9EF0 /* Resources */ = {
			isa = PBXResourcesBuildPhase;
			buildActionMask = 2147483647;
			files = (
			);
			runOnlyForDeploymentPostprocessing = 0;
		};
		6068119126A3EBAB00FC9EF0 /* Resources */ = {
			isa = PBXResourcesBuildPhase;
			buildActionMask = 2147483647;
			files = (
			);
			runOnlyForDeploymentPostprocessing = 0;
		};
/* End PBXResourcesBuildPhase section */

/* Begin PBXShellScriptBuildPhase section */
		0FDF506FBFDBFBC74F77CF5E /* [CP] Check Pods Manifest.lock */ = {
			isa = PBXShellScriptBuildPhase;
			buildActionMask = 2147483647;
			files = (
			);
			inputFileListPaths = (
			);
			inputPaths = (
				"${PODS_PODFILE_DIR_PATH}/Podfile.lock",
				"${PODS_ROOT}/Manifest.lock",
			);
			name = "[CP] Check Pods Manifest.lock";
			outputFileListPaths = (
			);
			outputPaths = (
				"$(DERIVED_FILE_DIR)/Pods-CountriesApp-CountriesAppUITests-checkManifestLockResult.txt",
			);
			runOnlyForDeploymentPostprocessing = 0;
			shellPath = /bin/sh;
			shellScript = "diff \"${PODS_PODFILE_DIR_PATH}/Podfile.lock\" \"${PODS_ROOT}/Manifest.lock\" > /dev/null\nif [ $? != 0 ] ; then\n    # print error to STDERR\n    echo \"error: The sandbox is not in sync with the Podfile.lock. Run 'pod install' or update your CocoaPods installation.\" >&2\n    exit 1\nfi\n# This output is used by Xcode 'outputs' to avoid re-running this script phase.\necho \"SUCCESS\" > \"${SCRIPT_OUTPUT_FILE_0}\"\n";
			showEnvVarsInLog = 0;
		};
		99D2C1F7B9101EB6417A93CF /* [CP] Check Pods Manifest.lock */ = {
			isa = PBXShellScriptBuildPhase;
			buildActionMask = 2147483647;
			files = (
			);
			inputFileListPaths = (
			);
			inputPaths = (
				"${PODS_PODFILE_DIR_PATH}/Podfile.lock",
				"${PODS_ROOT}/Manifest.lock",
			);
			name = "[CP] Check Pods Manifest.lock";
			outputFileListPaths = (
			);
			outputPaths = (
				"$(DERIVED_FILE_DIR)/Pods-CountriesApp-checkManifestLockResult.txt",
			);
			runOnlyForDeploymentPostprocessing = 0;
			shellPath = /bin/sh;
			shellScript = "diff \"${PODS_PODFILE_DIR_PATH}/Podfile.lock\" \"${PODS_ROOT}/Manifest.lock\" > /dev/null\nif [ $? != 0 ] ; then\n    # print error to STDERR\n    echo \"error: The sandbox is not in sync with the Podfile.lock. Run 'pod install' or update your CocoaPods installation.\" >&2\n    exit 1\nfi\n# This output is used by Xcode 'outputs' to avoid re-running this script phase.\necho \"SUCCESS\" > \"${SCRIPT_OUTPUT_FILE_0}\"\n";
			showEnvVarsInLog = 0;
		};
		9C686D272B81F50B9DC2AB61 /* [CP] Embed Pods Frameworks */ = {
			isa = PBXShellScriptBuildPhase;
			buildActionMask = 2147483647;
			files = (
			);
			inputFileListPaths = (
				"${PODS_ROOT}/Target Support Files/Pods-CountriesApp/Pods-CountriesApp-frameworks-${CONFIGURATION}-input-files.xcfilelist",
			);
			name = "[CP] Embed Pods Frameworks";
			outputFileListPaths = (
				"${PODS_ROOT}/Target Support Files/Pods-CountriesApp/Pods-CountriesApp-frameworks-${CONFIGURATION}-output-files.xcfilelist",
			);
			runOnlyForDeploymentPostprocessing = 0;
			shellPath = /bin/sh;
			shellScript = "\"${PODS_ROOT}/Target Support Files/Pods-CountriesApp/Pods-CountriesApp-frameworks.sh\"\n";
			showEnvVarsInLog = 0;
		};
		DE7AF64EABF985C4266C6121 /* [CP] Check Pods Manifest.lock */ = {
			isa = PBXShellScriptBuildPhase;
			buildActionMask = 2147483647;
			files = (
			);
			inputFileListPaths = (
			);
			inputPaths = (
				"${PODS_PODFILE_DIR_PATH}/Podfile.lock",
				"${PODS_ROOT}/Manifest.lock",
			);
			name = "[CP] Check Pods Manifest.lock";
			outputFileListPaths = (
			);
			outputPaths = (
				"$(DERIVED_FILE_DIR)/Pods-CountriesAppTests-checkManifestLockResult.txt",
			);
			runOnlyForDeploymentPostprocessing = 0;
			shellPath = /bin/sh;
			shellScript = "diff \"${PODS_PODFILE_DIR_PATH}/Podfile.lock\" \"${PODS_ROOT}/Manifest.lock\" > /dev/null\nif [ $? != 0 ] ; then\n    # print error to STDERR\n    echo \"error: The sandbox is not in sync with the Podfile.lock. Run 'pod install' or update your CocoaPods installation.\" >&2\n    exit 1\nfi\n# This output is used by Xcode 'outputs' to avoid re-running this script phase.\necho \"SUCCESS\" > \"${SCRIPT_OUTPUT_FILE_0}\"\n";
			showEnvVarsInLog = 0;
		};
		F86FF8618A81D2ECD49563B5 /* [CP] Embed Pods Frameworks */ = {
			isa = PBXShellScriptBuildPhase;
			buildActionMask = 2147483647;
			files = (
			);
			inputFileListPaths = (
				"${PODS_ROOT}/Target Support Files/Pods-CountriesApp-CountriesAppUITests/Pods-CountriesApp-CountriesAppUITests-frameworks-${CONFIGURATION}-input-files.xcfilelist",
			);
			name = "[CP] Embed Pods Frameworks";
			outputFileListPaths = (
				"${PODS_ROOT}/Target Support Files/Pods-CountriesApp-CountriesAppUITests/Pods-CountriesApp-CountriesAppUITests-frameworks-${CONFIGURATION}-output-files.xcfilelist",
			);
			runOnlyForDeploymentPostprocessing = 0;
			shellPath = /bin/sh;
			shellScript = "\"${PODS_ROOT}/Target Support Files/Pods-CountriesApp-CountriesAppUITests/Pods-CountriesApp-CountriesAppUITests-frameworks.sh\"\n";
			showEnvVarsInLog = 0;
		};
/* End PBXShellScriptBuildPhase section */

/* Begin PBXSourcesBuildPhase section */
		6068116E26A3EBA800FC9EF0 /* Sources */ = {
			isa = PBXSourcesBuildPhase;
			buildActionMask = 2147483647;
			files = (
				6068126B26A5F82100FC9EF0 /* Coordinator.swift in Sources */,
				6068129326A5FED500FC9EF0 /* RequestBase.swift in Sources */,
				6068126626A5F7FD00FC9EF0 /* StoryBoarded.swift in Sources */,
				606812A626A6024100FC9EF0 /* Network.swift in Sources */,
				6068127026A5F83B00FC9EF0 /* AppCoordinator.swift in Sources */,
				6068121C26A559A600FC9EF0 /* CountryDetailCellView.swift in Sources */,
				6068123726A593FA00FC9EF0 /* NSObjectExtension.swift in Sources */,
				6068122126A57B3D00FC9EF0 /* CountryDetailViewModel.swift in Sources */,
				606811B426A3F07200FC9EF0 /* Country.swift in Sources */,
				6068129426A5FED500FC9EF0 /* HTTPMethod.swift in Sources */,
				606811E826A4789300FC9EF0 /* FlagImageTableViewCell.swift in Sources */,
				6068120926A552CF00FC9EF0 /* CountryDetailsTableViewCell.swift in Sources */,
				6068129826A5FED500FC9EF0 /* RequestProvider.swift in Sources */,
				6068129D26A5FED500FC9EF0 /* NetworkRequestProviderLogger.swift in Sources */,
				6068122726A57CDA00FC9EF0 /* TableView + Configs.swift in Sources */,
				606811E226A425D600FC9EF0 /* CountryDetailsTableViewController.swift in Sources */,
				6068117A26A3EBA800FC9EF0 /* CountriesTableViewController.swift in Sources */,
				6068129B26A5FED500FC9EF0 /* Request.swift in Sources */,
				6068129C26A5FED500FC9EF0 /* NetworkErrors.swift in Sources */,
				6068117626A3EBA800FC9EF0 /* AppDelegate.swift in Sources */,
				6068129226A5FED500FC9EF0 /* Schemes.swift in Sources */,
				6068129A26A5FED500FC9EF0 /* RequestEndpoint.swift in Sources */,
				6068117826A3EBA800FC9EF0 /* SceneDelegate.swift in Sources */,
				6068129726A5FED500FC9EF0 /* RequestProviderConfigurations.swift in Sources */,
				606811D426A3F33300FC9EF0 /* CountryTableViewCell.swift in Sources */,
				606811B926A3F0E900FC9EF0 /* CountryViewModel.swift in Sources */,
				6068129926A5FED500FC9EF0 /* HTTPHeaders.swift in Sources */,
				6068129526A5FED500FC9EF0 /* NetworkRequestProvider.swift in Sources */,
				6068129626A5FED500FC9EF0 /* RequestBody.swift in Sources */,
			);
			runOnlyForDeploymentPostprocessing = 0;
		};
		6068118426A3EBAB00FC9EF0 /* Sources */ = {
			isa = PBXSourcesBuildPhase;
			buildActionMask = 2147483647;
			files = (
				6068118D26A3EBAB00FC9EF0 /* CountriesAppTests.swift in Sources */,
			);
			runOnlyForDeploymentPostprocessing = 0;
		};
		6068118F26A3EBAB00FC9EF0 /* Sources */ = {
			isa = PBXSourcesBuildPhase;
			buildActionMask = 2147483647;
			files = (
				6068119826A3EBAB00FC9EF0 /* CountriesAppUITests.swift in Sources */,
			);
			runOnlyForDeploymentPostprocessing = 0;
		};
/* End PBXSourcesBuildPhase section */

/* Begin PBXTargetDependency section */
		6068118A26A3EBAB00FC9EF0 /* PBXTargetDependency */ = {
			isa = PBXTargetDependency;
			target = 6068117126A3EBA800FC9EF0 /* CountriesApp */;
			targetProxy = 6068118926A3EBAB00FC9EF0 /* PBXContainerItemProxy */;
		};
		6068119526A3EBAB00FC9EF0 /* PBXTargetDependency */ = {
			isa = PBXTargetDependency;
			target = 6068117126A3EBA800FC9EF0 /* CountriesApp */;
			targetProxy = 6068119426A3EBAB00FC9EF0 /* PBXContainerItemProxy */;
		};
/* End PBXTargetDependency section */

/* Begin PBXVariantGroup section */
		6068117B26A3EBA800FC9EF0 /* Main.storyboard */ = {
			isa = PBXVariantGroup;
			children = (
				6068117C26A3EBA800FC9EF0 /* Base */,
			);
			name = Main.storyboard;
			sourceTree = "<group>";
		};
		6068118026A3EBAA00FC9EF0 /* LaunchScreen.storyboard */ = {
			isa = PBXVariantGroup;
			children = (
				6068118126A3EBAA00FC9EF0 /* Base */,
			);
			name = LaunchScreen.storyboard;
			sourceTree = "<group>";
		};
/* End PBXVariantGroup section */

/* Begin XCBuildConfiguration section */
		6068119A26A3EBAB00FC9EF0 /* Debug */ = {
			isa = XCBuildConfiguration;
			buildSettings = {
				ALWAYS_SEARCH_USER_PATHS = NO;
				CLANG_ANALYZER_NONNULL = YES;
				CLANG_ANALYZER_NUMBER_OBJECT_CONVERSION = YES_AGGRESSIVE;
				CLANG_CXX_LANGUAGE_STANDARD = "gnu++14";
				CLANG_CXX_LIBRARY = "libc++";
				CLANG_ENABLE_MODULES = YES;
				CLANG_ENABLE_OBJC_ARC = YES;
				CLANG_ENABLE_OBJC_WEAK = YES;
				CLANG_WARN_BLOCK_CAPTURE_AUTORELEASING = YES;
				CLANG_WARN_BOOL_CONVERSION = YES;
				CLANG_WARN_COMMA = YES;
				CLANG_WARN_CONSTANT_CONVERSION = YES;
				CLANG_WARN_DEPRECATED_OBJC_IMPLEMENTATIONS = YES;
				CLANG_WARN_DIRECT_OBJC_ISA_USAGE = YES_ERROR;
				CLANG_WARN_DOCUMENTATION_COMMENTS = YES;
				CLANG_WARN_EMPTY_BODY = YES;
				CLANG_WARN_ENUM_CONVERSION = YES;
				CLANG_WARN_INFINITE_RECURSION = YES;
				CLANG_WARN_INT_CONVERSION = YES;
				CLANG_WARN_NON_LITERAL_NULL_CONVERSION = YES;
				CLANG_WARN_OBJC_IMPLICIT_RETAIN_SELF = YES;
				CLANG_WARN_OBJC_LITERAL_CONVERSION = YES;
				CLANG_WARN_OBJC_ROOT_CLASS = YES_ERROR;
				CLANG_WARN_QUOTED_INCLUDE_IN_FRAMEWORK_HEADER = YES;
				CLANG_WARN_RANGE_LOOP_ANALYSIS = YES;
				CLANG_WARN_STRICT_PROTOTYPES = YES;
				CLANG_WARN_SUSPICIOUS_MOVE = YES;
				CLANG_WARN_UNGUARDED_AVAILABILITY = YES_AGGRESSIVE;
				CLANG_WARN_UNREACHABLE_CODE = YES;
				CLANG_WARN__DUPLICATE_METHOD_MATCH = YES;
				COPY_PHASE_STRIP = NO;
				DEBUG_INFORMATION_FORMAT = dwarf;
				ENABLE_STRICT_OBJC_MSGSEND = YES;
				ENABLE_TESTABILITY = YES;
				GCC_C_LANGUAGE_STANDARD = gnu11;
				GCC_DYNAMIC_NO_PIC = NO;
				GCC_NO_COMMON_BLOCKS = YES;
				GCC_OPTIMIZATION_LEVEL = 0;
				GCC_PREPROCESSOR_DEFINITIONS = (
					"DEBUG=1",
					"$(inherited)",
				);
				GCC_WARN_64_TO_32_BIT_CONVERSION = YES;
				GCC_WARN_ABOUT_RETURN_TYPE = YES_ERROR;
				GCC_WARN_UNDECLARED_SELECTOR = YES;
				GCC_WARN_UNINITIALIZED_AUTOS = YES_AGGRESSIVE;
				GCC_WARN_UNUSED_FUNCTION = YES;
				GCC_WARN_UNUSED_VARIABLE = YES;
				IPHONEOS_DEPLOYMENT_TARGET = 14.4;
				MTL_ENABLE_DEBUG_INFO = INCLUDE_SOURCE;
				MTL_FAST_MATH = YES;
				ONLY_ACTIVE_ARCH = YES;
				SDKROOT = iphoneos;
				SWIFT_ACTIVE_COMPILATION_CONDITIONS = DEBUG;
				SWIFT_OPTIMIZATION_LEVEL = "-Onone";
			};
			name = Debug;
		};
		6068119B26A3EBAB00FC9EF0 /* Release */ = {
			isa = XCBuildConfiguration;
			buildSettings = {
				ALWAYS_SEARCH_USER_PATHS = NO;
				CLANG_ANALYZER_NONNULL = YES;
				CLANG_ANALYZER_NUMBER_OBJECT_CONVERSION = YES_AGGRESSIVE;
				CLANG_CXX_LANGUAGE_STANDARD = "gnu++14";
				CLANG_CXX_LIBRARY = "libc++";
				CLANG_ENABLE_MODULES = YES;
				CLANG_ENABLE_OBJC_ARC = YES;
				CLANG_ENABLE_OBJC_WEAK = YES;
				CLANG_WARN_BLOCK_CAPTURE_AUTORELEASING = YES;
				CLANG_WARN_BOOL_CONVERSION = YES;
				CLANG_WARN_COMMA = YES;
				CLANG_WARN_CONSTANT_CONVERSION = YES;
				CLANG_WARN_DEPRECATED_OBJC_IMPLEMENTATIONS = YES;
				CLANG_WARN_DIRECT_OBJC_ISA_USAGE = YES_ERROR;
				CLANG_WARN_DOCUMENTATION_COMMENTS = YES;
				CLANG_WARN_EMPTY_BODY = YES;
				CLANG_WARN_ENUM_CONVERSION = YES;
				CLANG_WARN_INFINITE_RECURSION = YES;
				CLANG_WARN_INT_CONVERSION = YES;
				CLANG_WARN_NON_LITERAL_NULL_CONVERSION = YES;
				CLANG_WARN_OBJC_IMPLICIT_RETAIN_SELF = YES;
				CLANG_WARN_OBJC_LITERAL_CONVERSION = YES;
				CLANG_WARN_OBJC_ROOT_CLASS = YES_ERROR;
				CLANG_WARN_QUOTED_INCLUDE_IN_FRAMEWORK_HEADER = YES;
				CLANG_WARN_RANGE_LOOP_ANALYSIS = YES;
				CLANG_WARN_STRICT_PROTOTYPES = YES;
				CLANG_WARN_SUSPICIOUS_MOVE = YES;
				CLANG_WARN_UNGUARDED_AVAILABILITY = YES_AGGRESSIVE;
				CLANG_WARN_UNREACHABLE_CODE = YES;
				CLANG_WARN__DUPLICATE_METHOD_MATCH = YES;
				COPY_PHASE_STRIP = NO;
				DEBUG_INFORMATION_FORMAT = "dwarf-with-dsym";
				ENABLE_NS_ASSERTIONS = NO;
				ENABLE_STRICT_OBJC_MSGSEND = YES;
				GCC_C_LANGUAGE_STANDARD = gnu11;
				GCC_NO_COMMON_BLOCKS = YES;
				GCC_WARN_64_TO_32_BIT_CONVERSION = YES;
				GCC_WARN_ABOUT_RETURN_TYPE = YES_ERROR;
				GCC_WARN_UNDECLARED_SELECTOR = YES;
				GCC_WARN_UNINITIALIZED_AUTOS = YES_AGGRESSIVE;
				GCC_WARN_UNUSED_FUNCTION = YES;
				GCC_WARN_UNUSED_VARIABLE = YES;
				IPHONEOS_DEPLOYMENT_TARGET = 14.4;
				MTL_ENABLE_DEBUG_INFO = NO;
				MTL_FAST_MATH = YES;
				SDKROOT = iphoneos;
				SWIFT_COMPILATION_MODE = wholemodule;
				SWIFT_OPTIMIZATION_LEVEL = "-O";
				VALIDATE_PRODUCT = YES;
			};
			name = Release;
		};
		6068119D26A3EBAB00FC9EF0 /* Debug */ = {
			isa = XCBuildConfiguration;
			baseConfigurationReference = DCDC8BD6502471AA85BFECD7 /* Pods-CountriesApp.debug.xcconfig */;
			buildSettings = {
				ASSETCATALOG_COMPILER_APPICON_NAME = AppIcon;
				ASSETCATALOG_COMPILER_GLOBAL_ACCENT_COLOR_NAME = AccentColor;
				CODE_SIGN_STYLE = Automatic;
				DEVELOPMENT_TEAM = Y8L83HJTF5;
				INFOPLIST_FILE = CountriesApp/Info.plist;
				LD_RUNPATH_SEARCH_PATHS = (
					"$(inherited)",
					"@executable_path/Frameworks",
				);
				PRODUCT_BUNDLE_IDENTIFIER = com.areekaras.CountriesApp;
				PRODUCT_NAME = "$(TARGET_NAME)";
				SWIFT_VERSION = 5.0;
				TARGETED_DEVICE_FAMILY = "1,2";
			};
			name = Debug;
		};
		6068119E26A3EBAB00FC9EF0 /* Release */ = {
			isa = XCBuildConfiguration;
			baseConfigurationReference = 6A00A4E3F2C7D7F34C30BF48 /* Pods-CountriesApp.release.xcconfig */;
			buildSettings = {
				ASSETCATALOG_COMPILER_APPICON_NAME = AppIcon;
				ASSETCATALOG_COMPILER_GLOBAL_ACCENT_COLOR_NAME = AccentColor;
				CODE_SIGN_STYLE = Automatic;
				DEVELOPMENT_TEAM = Y8L83HJTF5;
				INFOPLIST_FILE = CountriesApp/Info.plist;
				LD_RUNPATH_SEARCH_PATHS = (
					"$(inherited)",
					"@executable_path/Frameworks",
				);
				PRODUCT_BUNDLE_IDENTIFIER = com.areekaras.CountriesApp;
				PRODUCT_NAME = "$(TARGET_NAME)";
				SWIFT_VERSION = 5.0;
				TARGETED_DEVICE_FAMILY = "1,2";
			};
			name = Release;
		};
		606811A026A3EBAB00FC9EF0 /* Debug */ = {
			isa = XCBuildConfiguration;
			baseConfigurationReference = 111FFB6BE7FECBD26E0E382F /* Pods-CountriesAppTests.debug.xcconfig */;
			buildSettings = {
				ALWAYS_EMBED_SWIFT_STANDARD_LIBRARIES = YES;
				BUNDLE_LOADER = "$(TEST_HOST)";
				CODE_SIGN_STYLE = Automatic;
				DEVELOPMENT_TEAM = Y8L83HJTF5;
				INFOPLIST_FILE = CountriesAppTests/Info.plist;
				IPHONEOS_DEPLOYMENT_TARGET = 14.4;
				LD_RUNPATH_SEARCH_PATHS = (
					"$(inherited)",
					"@executable_path/Frameworks",
					"@loader_path/Frameworks",
				);
				PRODUCT_BUNDLE_IDENTIFIER = com.areekaras.CountriesAppTests;
				PRODUCT_NAME = "$(TARGET_NAME)";
				SWIFT_VERSION = 5.0;
				TARGETED_DEVICE_FAMILY = "1,2";
				TEST_HOST = "$(BUILT_PRODUCTS_DIR)/CountriesApp.app/CountriesApp";
			};
			name = Debug;
		};
		606811A126A3EBAB00FC9EF0 /* Release */ = {
			isa = XCBuildConfiguration;
			baseConfigurationReference = B21D3941F82F45F247765BBA /* Pods-CountriesAppTests.release.xcconfig */;
			buildSettings = {
				ALWAYS_EMBED_SWIFT_STANDARD_LIBRARIES = YES;
				BUNDLE_LOADER = "$(TEST_HOST)";
				CODE_SIGN_STYLE = Automatic;
				DEVELOPMENT_TEAM = Y8L83HJTF5;
				INFOPLIST_FILE = CountriesAppTests/Info.plist;
				IPHONEOS_DEPLOYMENT_TARGET = 14.4;
				LD_RUNPATH_SEARCH_PATHS = (
					"$(inherited)",
					"@executable_path/Frameworks",
					"@loader_path/Frameworks",
				);
				PRODUCT_BUNDLE_IDENTIFIER = com.areekaras.CountriesAppTests;
				PRODUCT_NAME = "$(TARGET_NAME)";
				SWIFT_VERSION = 5.0;
				TARGETED_DEVICE_FAMILY = "1,2";
				TEST_HOST = "$(BUILT_PRODUCTS_DIR)/CountriesApp.app/CountriesApp";
			};
			name = Release;
		};
		606811A326A3EBAB00FC9EF0 /* Debug */ = {
			isa = XCBuildConfiguration;
			baseConfigurationReference = 0ABD7654B945ED366E283F4A /* Pods-CountriesApp-CountriesAppUITests.debug.xcconfig */;
			buildSettings = {
				ALWAYS_EMBED_SWIFT_STANDARD_LIBRARIES = YES;
				CODE_SIGN_STYLE = Automatic;
				DEVELOPMENT_TEAM = Y8L83HJTF5;
				INFOPLIST_FILE = CountriesAppUITests/Info.plist;
				LD_RUNPATH_SEARCH_PATHS = (
					"$(inherited)",
					"@executable_path/Frameworks",
					"@loader_path/Frameworks",
				);
				PRODUCT_BUNDLE_IDENTIFIER = com.areekaras.CountriesAppUITests;
				PRODUCT_NAME = "$(TARGET_NAME)";
				SWIFT_VERSION = 5.0;
				TARGETED_DEVICE_FAMILY = "1,2";
				TEST_TARGET_NAME = CountriesApp;
			};
			name = Debug;
		};
		606811A426A3EBAB00FC9EF0 /* Release */ = {
			isa = XCBuildConfiguration;
			baseConfigurationReference = A7F1FDC29C075C6B761762AA /* Pods-CountriesApp-CountriesAppUITests.release.xcconfig */;
			buildSettings = {
				ALWAYS_EMBED_SWIFT_STANDARD_LIBRARIES = YES;
				CODE_SIGN_STYLE = Automatic;
				DEVELOPMENT_TEAM = Y8L83HJTF5;
				INFOPLIST_FILE = CountriesAppUITests/Info.plist;
				LD_RUNPATH_SEARCH_PATHS = (
					"$(inherited)",
					"@executable_path/Frameworks",
					"@loader_path/Frameworks",
				);
				PRODUCT_BUNDLE_IDENTIFIER = com.areekaras.CountriesAppUITests;
				PRODUCT_NAME = "$(TARGET_NAME)";
				SWIFT_VERSION = 5.0;
				TARGETED_DEVICE_FAMILY = "1,2";
				TEST_TARGET_NAME = CountriesApp;
			};
			name = Release;
		};
/* End XCBuildConfiguration section */

/* Begin XCConfigurationList section */
		6068116D26A3EBA800FC9EF0 /* Build configuration list for PBXProject "CountriesApp" */ = {
			isa = XCConfigurationList;
			buildConfigurations = (
				6068119A26A3EBAB00FC9EF0 /* Debug */,
				6068119B26A3EBAB00FC9EF0 /* Release */,
			);
			defaultConfigurationIsVisible = 0;
			defaultConfigurationName = Release;
		};
		6068119C26A3EBAB00FC9EF0 /* Build configuration list for PBXNativeTarget "CountriesApp" */ = {
			isa = XCConfigurationList;
			buildConfigurations = (
				6068119D26A3EBAB00FC9EF0 /* Debug */,
				6068119E26A3EBAB00FC9EF0 /* Release */,
			);
			defaultConfigurationIsVisible = 0;
			defaultConfigurationName = Release;
		};
		6068119F26A3EBAB00FC9EF0 /* Build configuration list for PBXNativeTarget "CountriesAppTests" */ = {
			isa = XCConfigurationList;
			buildConfigurations = (
				606811A026A3EBAB00FC9EF0 /* Debug */,
				606811A126A3EBAB00FC9EF0 /* Release */,
			);
			defaultConfigurationIsVisible = 0;
			defaultConfigurationName = Release;
		};
		606811A226A3EBAB00FC9EF0 /* Build configuration list for PBXNativeTarget "CountriesAppUITests" */ = {
			isa = XCConfigurationList;
			buildConfigurations = (
				606811A326A3EBAB00FC9EF0 /* Debug */,
				606811A426A3EBAB00FC9EF0 /* Release */,
			);
			defaultConfigurationIsVisible = 0;
			defaultConfigurationName = Release;
		};
/* End XCConfigurationList section */
	};
	rootObject = 6068116A26A3EBA800FC9EF0 /* Project object */;
}
